
Microsoft Visual Studio Solution File, Format Version 12.00
# Visual Studio Version 17
VisualStudioVersion = 17.0.32126.317
MinimumVisualStudioVersion = 10.0.40219.1
Project("{9A19103F-16F7-4668-BE54-9A1E7A4F7556}") = "HomeWork", "HomeWork13-master\HomeWork13March\HomeWork.csproj", "{2EAE8FD5-7E48-44A1-A5EC-82690C3AEB90}"
EndProject
Global
	GlobalSection(SolutionConfigurationPlatforms) = preSolution
		Debug|Any CPU = Debug|Any CPU
		Release|Any CPU = Release|Any CPU
	EndGlobalSection
	GlobalSection(ProjectConfigurationPlatforms) = postSolution
		{2EAE8FD5-7E48-44A1-A5EC-82690C3AEB90}.Debug|Any CPU.ActiveCfg = Debug|Any CPU
		{2EAE8FD5-7E48-44A1-A5EC-82690C3AEB90}.Debug|Any CPU.Build.0 = Debug|Any CPU
		{2EAE8FD5-7E48-44A1-A5EC-82690C3AEB90}.Release|Any CPU.ActiveCfg = Release|Any CPU
		{2EAE8FD5-7E48-44A1-A5EC-82690C3AEB90}.Release|Any CPU.Build.0 = Release|Any CPU
	EndGlobalSection
	GlobalSection(SolutionProperties) = preSolution
		HideSolutionNode = FALSE
	EndGlobalSection
	GlobalSection(ExtensibilityGlobals) = postSolution
		SolutionGuid = {8558DCC7-9D8E-47C6-A90D-B9E31611CB18}
	EndGlobalSection
EndGlobal
